
Microsoft Visual Studio Solution File, Format Version 12.00
# Visual Studio 14
VisualStudioVersion = 14.0.22823.1
MinimumVisualStudioVersion = 10.0.40219.1
Project("{2150E333-8FDC-42A3-9474-1A3956D46DE8}") = "1.1 Presentation", "1.1 Presentation", "{7F72C8E0-C109-45DF-8C25-1912DAC6C3BF}"
EndProject
Project("{2150E333-8FDC-42A3-9474-1A3956D46DE8}") = "1.4 Domain", "1.4 Domain", "{823CC679-F8C6-4A07-B811-397BFB38F08A}"
EndProject
Project("{2150E333-8FDC-42A3-9474-1A3956D46DE8}") = "1.2 Distributed Services", "1.2 Distributed Services", "{FC83C23F-468A-4718-A569-6B7B968FD10B}"
EndProject
Project("{2150E333-8FDC-42A3-9474-1A3956D46DE8}") = "1.3 Application", "1.3 Application", "{2EE4498A-325B-4D91-A17F-84A7BF302C37}"
EndProject
Project("{2150E333-8FDC-42A3-9474-1A3956D46DE8}") = "1.5 Infrastructure", "1.5 Infrastructure", "{EB2A9331-52C7-4E23-AF46-B700C8055769}"
EndProject
Project("{2150E333-8FDC-42A3-9474-1A3956D46DE8}") = ".nuget", ".nuget", "{A89A5AE9-DCEE-4AE8-BC65-7B3A09745538}"
	ProjectSection(SolutionItems) = preProject
		.nuget\NuGet.Config = .nuget\NuGet.Config
		.nuget\NuGet.exe = .nuget\NuGet.exe
		.nuget\NuGet.targets = .nuget\NuGet.targets
	EndProjectSection
EndProject
Project("{2150E333-8FDC-42A3-9474-1A3956D46DE8}") = "1.6 Test", "1.6 Test", "{43379275-7C91-4A46-8B0C-F3E23A341ABE}"
EndProject
Project("{FAE04EC0-301F-11D3-BF4B-00C04F79EFBC}") = "ConsoleApp", "NDDigital.DiarioAcademia.Apresentacao.ConsoleApp\ConsoleApp.csproj", "{FEA248B7-DBE3-44AB-85D3-2A84D9686F1B}"
EndProject
Project("{FAE04EC0-301F-11D3-BF4B-00C04F79EFBC}") = "Dominio", "NDDigital.DiarioAcademia.Dominio\Dominio.csproj", "{98AEEAB1-AB78-451A-AE88-C852C6BC3C31}"
EndProject
Project("{FAE04EC0-301F-11D3-BF4B-00C04F79EFBC}") = "Infraestrutura.ORM", "NDDigital.DiarioAcademia.Infraestrutura.Orm\Infraestrutura.ORM.csproj", "{3FD3156C-9F4F-4E10-8B7A-7454C803BE89}"
EndProject
Project("{FAE04EC0-301F-11D3-BF4B-00C04F79EFBC}") = "UnitTests", "NDDigital.DiarioAcademia.UnitTests\UnitTests.csproj", "{FA802AC9-DE38-4BCD-8AE8-6A30BE4186B6}"
EndProject
Project("{FAE04EC0-301F-11D3-BF4B-00C04F79EFBC}") = "AcceptanceTests", "NDDigital.DiarioAcademia.AcceptanceTests\AcceptanceTests.csproj", "{FAC851DE-01EE-4BBE-98DF-B5BA902F9AFB}"
EndProject
Project("{FAE04EC0-301F-11D3-BF4B-00C04F79EFBC}") = "Aplicacao", "NDDigital.DiarioAcademia.Aplicacao\Aplicacao.csproj", "{175B058E-A32A-491A-A1FD-9783EDC7A943}"
EndProject
Project("{FAE04EC0-301F-11D3-BF4B-00C04F79EFBC}") = "Aplicacao.DTOs", "NDDigital.DiarioAcademia.CommandQuery\Aplicacao.DTOs.csproj", "{FAC6B57F-D8C9-4593-80F0-184F5CAB272C}"
EndProject
Project("{FAE04EC0-301F-11D3-BF4B-00C04F79EFBC}") = "Infraestrutura.CepServices", "NDDigital.DiarioAcademia.Infraestrutura.WebServices\Infraestrutura.CepServices.csproj", "{7C91018A-6066-4AB4-BCEA-7F477BB514C4}"
EndProject
Project("{FAE04EC0-301F-11D3-BF4B-00C04F79EFBC}") = "WindowsApp", "NDDigital.DiarioAcademia.Apresentacao.WindowsApp\WindowsApp.csproj", "{69EC083E-726B-4E30-A031-8ED3D8D35838}"
EndProject
Project("{FAE04EC0-301F-11D3-BF4B-00C04F79EFBC}") = "WebApp", "NDDigital.DiarioAcademia.Apresentacao.WebApp\WebApp.csproj", "{8095B64F-D2CC-44D7-B7CD-CF18E2AC8920}"
EndProject
Project("{FAE04EC0-301F-11D3-BF4B-00C04F79EFBC}") = "WebApi", "NDDigital.DiarioAcademia.WebApi\WebApi.csproj", "{151CA976-7795-450A-A126-CB151EA88836}"
EndProject
Project("{2150E333-8FDC-42A3-9474-1A3956D46DE8}") = "0 - Modeling and Design", "0 - Modeling and Design", "{775164D9-36F7-4EA5-B88B-E54B2A35AA3D}"
EndProject
Project("{2150E333-8FDC-42A3-9474-1A3956D46DE8}") = "1 - Layers", "1 - Layers", "{1EA5546C-B87D-482E-BF7C-1CD337370DE8}"
EndProject
Project("{2150E333-8FDC-42A3-9474-1A3956D46DE8}") = "2 - Database", "2 - Database", "{4B8BF940-41D0-495C-B273-A09E666F1530}"
EndProject
Project("{2150E333-8FDC-42A3-9474-1A3956D46DE8}") = "UML", "UML", "{2F9B7890-1ABB-40AA-BB78-F6C7BFDAEE30}"
EndProject
Project("{2150E333-8FDC-42A3-9474-1A3956D46DE8}") = "1.5.1 DAO", "1.5.1 DAO", "{5892B3AB-0E7B-4983-83BB-355146B9D5DE}"
EndProject
Project("{FAE04EC0-301F-11D3-BF4B-00C04F79EFBC}") = "Infraestrutura.SQL", "NDDigital.DiarioAcademia.Infraestrutura.SQL\Infraestrutura.SQL.csproj", "{987E3D7F-EA01-45AA-8867-8E85899FC5FA}"
EndProject
Project("{2150E333-8FDC-42A3-9474-1A3956D46DE8}") = "1.5.2 External Services", "1.5.2 External Services", "{143BE81B-2851-48EC-952F-AD09E9016F0D}"
EndProject
Project("{FAE04EC0-301F-11D3-BF4B-00C04F79EFBC}") = "IntegrationTests", "NDDigital.DiarioAcademia.IntegrationTests\IntegrationTests.csproj", "{86200922-104A-4677-B5D1-DFDFB044AB3E}"
EndProject
Project("{FAE04EC0-301F-11D3-BF4B-00C04F79EFBC}") = "Infraestrutura.Extensions", "Infraestrutura.Extensions\Infraestrutura.Extensions.csproj", "{F30EB086-5008-4235-9D2F-5B061A0A3685}"
EndProject
Project("{2150E333-8FDC-42A3-9474-1A3956D46DE8}") = "1.5.3 Extensions", "1.5.3 Extensions", "{3E975CA0-1AD2-42A4-88C1-71D76EB0DA75}"
EndProject
Project("{2150E333-8FDC-42A3-9474-1A3956D46DE8}") = "1.5.4 IoC", "1.5.4 IoC", "{C53C79B1-BB9C-409F-81E1-76587E208C3F}"
EndProject
Project("{FAE04EC0-301F-11D3-BF4B-00C04F79EFBC}") = "Infraestrutura.IoC", "NDDigital.DiarioAcademia.Infraestrutura.IoC\Infraestrutura.IoC.csproj", "{3962128F-2227-4078-8FF7-D8B624648E08}"
EndProject
Project("{FAE04EC0-301F-11D3-BF4B-00C04F79EFBC}") = "Infraestrutura.DAO", "NDDigital.DiarioAcademia.Infraestrutura.DAO\Infraestrutura.DAO.csproj", "{A797581C-2BA5-4D68-A3D3-CD68818F9B84}"
EndProject
Global
	GlobalSection(SolutionConfigurationPlatforms) = preSolution
		Debug|Any CPU = Debug|Any CPU
		Release|Any CPU = Release|Any CPU
	EndGlobalSection
	GlobalSection(ProjectConfigurationPlatforms) = postSolution
		{FEA248B7-DBE3-44AB-85D3-2A84D9686F1B}.Debug|Any CPU.ActiveCfg = Debug|Any CPU
		{FEA248B7-DBE3-44AB-85D3-2A84D9686F1B}.Debug|Any CPU.Build.0 = Debug|Any CPU
		{FEA248B7-DBE3-44AB-85D3-2A84D9686F1B}.Release|Any CPU.ActiveCfg = Release|Any CPU
		{FEA248B7-DBE3-44AB-85D3-2A84D9686F1B}.Release|Any CPU.Build.0 = Release|Any CPU
		{98AEEAB1-AB78-451A-AE88-C852C6BC3C31}.Debug|Any CPU.ActiveCfg = Debug|Any CPU
		{98AEEAB1-AB78-451A-AE88-C852C6BC3C31}.Debug|Any CPU.Build.0 = Debug|Any CPU
		{98AEEAB1-AB78-451A-AE88-C852C6BC3C31}.Release|Any CPU.ActiveCfg = Release|Any CPU
		{98AEEAB1-AB78-451A-AE88-C852C6BC3C31}.Release|Any CPU.Build.0 = Release|Any CPU
		{3FD3156C-9F4F-4E10-8B7A-7454C803BE89}.Debug|Any CPU.ActiveCfg = Debug|Any CPU
		{3FD3156C-9F4F-4E10-8B7A-7454C803BE89}.Debug|Any CPU.Build.0 = Debug|Any CPU
		{3FD3156C-9F4F-4E10-8B7A-7454C803BE89}.Release|Any CPU.ActiveCfg = Release|Any CPU
		{3FD3156C-9F4F-4E10-8B7A-7454C803BE89}.Release|Any CPU.Build.0 = Release|Any CPU
		{FA802AC9-DE38-4BCD-8AE8-6A30BE4186B6}.Debug|Any CPU.ActiveCfg = Debug|Any CPU
		{FA802AC9-DE38-4BCD-8AE8-6A30BE4186B6}.Debug|Any CPU.Build.0 = Debug|Any CPU
		{FA802AC9-DE38-4BCD-8AE8-6A30BE4186B6}.Release|Any CPU.ActiveCfg = Release|Any CPU
		{FA802AC9-DE38-4BCD-8AE8-6A30BE4186B6}.Release|Any CPU.Build.0 = Release|Any CPU
		{FAC851DE-01EE-4BBE-98DF-B5BA902F9AFB}.Debug|Any CPU.ActiveCfg = Debug|Any CPU
		{FAC851DE-01EE-4BBE-98DF-B5BA902F9AFB}.Debug|Any CPU.Build.0 = Debug|Any CPU
		{FAC851DE-01EE-4BBE-98DF-B5BA902F9AFB}.Release|Any CPU.ActiveCfg = Release|Any CPU
		{FAC851DE-01EE-4BBE-98DF-B5BA902F9AFB}.Release|Any CPU.Build.0 = Release|Any CPU
		{175B058E-A32A-491A-A1FD-9783EDC7A943}.Debug|Any CPU.ActiveCfg = Debug|Any CPU
		{175B058E-A32A-491A-A1FD-9783EDC7A943}.Debug|Any CPU.Build.0 = Debug|Any CPU
		{175B058E-A32A-491A-A1FD-9783EDC7A943}.Release|Any CPU.ActiveCfg = Release|Any CPU
		{175B058E-A32A-491A-A1FD-9783EDC7A943}.Release|Any CPU.Build.0 = Release|Any CPU
		{FAC6B57F-D8C9-4593-80F0-184F5CAB272C}.Debug|Any CPU.ActiveCfg = Debug|Any CPU
		{FAC6B57F-D8C9-4593-80F0-184F5CAB272C}.Debug|Any CPU.Build.0 = Debug|Any CPU
		{FAC6B57F-D8C9-4593-80F0-184F5CAB272C}.Release|Any CPU.ActiveCfg = Release|Any CPU
		{FAC6B57F-D8C9-4593-80F0-184F5CAB272C}.Release|Any CPU.Build.0 = Release|Any CPU
		{7C91018A-6066-4AB4-BCEA-7F477BB514C4}.Debug|Any CPU.ActiveCfg = Debug|Any CPU
		{7C91018A-6066-4AB4-BCEA-7F477BB514C4}.Debug|Any CPU.Build.0 = Debug|Any CPU
		{7C91018A-6066-4AB4-BCEA-7F477BB514C4}.Release|Any CPU.ActiveCfg = Release|Any CPU
		{7C91018A-6066-4AB4-BCEA-7F477BB514C4}.Release|Any CPU.Build.0 = Release|Any CPU
		{69EC083E-726B-4E30-A031-8ED3D8D35838}.Debug|Any CPU.ActiveCfg = Debug|Any CPU
		{69EC083E-726B-4E30-A031-8ED3D8D35838}.Debug|Any CPU.Build.0 = Debug|Any CPU
		{69EC083E-726B-4E30-A031-8ED3D8D35838}.Release|Any CPU.ActiveCfg = Release|Any CPU
		{69EC083E-726B-4E30-A031-8ED3D8D35838}.Release|Any CPU.Build.0 = Release|Any CPU
		{8095B64F-D2CC-44D7-B7CD-CF18E2AC8920}.Debug|Any CPU.ActiveCfg = Debug|Any CPU
		{8095B64F-D2CC-44D7-B7CD-CF18E2AC8920}.Debug|Any CPU.Build.0 = Debug|Any CPU
		{8095B64F-D2CC-44D7-B7CD-CF18E2AC8920}.Release|Any CPU.ActiveCfg = Release|Any CPU
		{8095B64F-D2CC-44D7-B7CD-CF18E2AC8920}.Release|Any CPU.Build.0 = Release|Any CPU
		{151CA976-7795-450A-A126-CB151EA88836}.Debug|Any CPU.ActiveCfg = Debug|Any CPU
		{151CA976-7795-450A-A126-CB151EA88836}.Debug|Any CPU.Build.0 = Debug|Any CPU
		{151CA976-7795-450A-A126-CB151EA88836}.Release|Any CPU.ActiveCfg = Release|Any CPU
		{151CA976-7795-450A-A126-CB151EA88836}.Release|Any CPU.Build.0 = Release|Any CPU
		{987E3D7F-EA01-45AA-8867-8E85899FC5FA}.Debug|Any CPU.ActiveCfg = Debug|Any CPU
		{987E3D7F-EA01-45AA-8867-8E85899FC5FA}.Debug|Any CPU.Build.0 = Debug|Any CPU
		{987E3D7F-EA01-45AA-8867-8E85899FC5FA}.Release|Any CPU.ActiveCfg = Release|Any CPU
		{987E3D7F-EA01-45AA-8867-8E85899FC5FA}.Release|Any CPU.Build.0 = Release|Any CPU
		{86200922-104A-4677-B5D1-DFDFB044AB3E}.Debug|Any CPU.ActiveCfg = Debug|Any CPU
		{86200922-104A-4677-B5D1-DFDFB044AB3E}.Debug|Any CPU.Build.0 = Debug|Any CPU
		{86200922-104A-4677-B5D1-DFDFB044AB3E}.Release|Any CPU.ActiveCfg = Release|Any CPU
		{86200922-104A-4677-B5D1-DFDFB044AB3E}.Release|Any CPU.Build.0 = Release|Any CPU
		{F30EB086-5008-4235-9D2F-5B061A0A3685}.Debug|Any CPU.ActiveCfg = Debug|Any CPU
		{F30EB086-5008-4235-9D2F-5B061A0A3685}.Debug|Any CPU.Build.0 = Debug|Any CPU
		{F30EB086-5008-4235-9D2F-5B061A0A3685}.Release|Any CPU.ActiveCfg = Release|Any CPU
		{F30EB086-5008-4235-9D2F-5B061A0A3685}.Release|Any CPU.Build.0 = Release|Any CPU
		{3962128F-2227-4078-8FF7-D8B624648E08}.Debug|Any CPU.ActiveCfg = Debug|Any CPU
		{3962128F-2227-4078-8FF7-D8B624648E08}.Debug|Any CPU.Build.0 = Debug|Any CPU
		{3962128F-2227-4078-8FF7-D8B624648E08}.Release|Any CPU.ActiveCfg = Release|Any CPU
		{3962128F-2227-4078-8FF7-D8B624648E08}.Release|Any CPU.Build.0 = Release|Any CPU
		{A797581C-2BA5-4D68-A3D3-CD68818F9B84}.Debug|Any CPU.ActiveCfg = Debug|Any CPU
		{A797581C-2BA5-4D68-A3D3-CD68818F9B84}.Debug|Any CPU.Build.0 = Debug|Any CPU
		{A797581C-2BA5-4D68-A3D3-CD68818F9B84}.Release|Any CPU.ActiveCfg = Release|Any CPU
		{A797581C-2BA5-4D68-A3D3-CD68818F9B84}.Release|Any CPU.Build.0 = Release|Any CPU
	EndGlobalSection
	GlobalSection(SolutionProperties) = preSolution
		HideSolutionNode = FALSE
	EndGlobalSection
	GlobalSection(NestedProjects) = preSolution
		{7F72C8E0-C109-45DF-8C25-1912DAC6C3BF} = {1EA5546C-B87D-482E-BF7C-1CD337370DE8}
		{823CC679-F8C6-4A07-B811-397BFB38F08A} = {1EA5546C-B87D-482E-BF7C-1CD337370DE8}
		{FC83C23F-468A-4718-A569-6B7B968FD10B} = {1EA5546C-B87D-482E-BF7C-1CD337370DE8}
		{2EE4498A-325B-4D91-A17F-84A7BF302C37} = {1EA5546C-B87D-482E-BF7C-1CD337370DE8}
		{EB2A9331-52C7-4E23-AF46-B700C8055769} = {1EA5546C-B87D-482E-BF7C-1CD337370DE8}
		{43379275-7C91-4A46-8B0C-F3E23A341ABE} = {1EA5546C-B87D-482E-BF7C-1CD337370DE8}
		{FEA248B7-DBE3-44AB-85D3-2A84D9686F1B} = {7F72C8E0-C109-45DF-8C25-1912DAC6C3BF}
		{98AEEAB1-AB78-451A-AE88-C852C6BC3C31} = {823CC679-F8C6-4A07-B811-397BFB38F08A}
		{3FD3156C-9F4F-4E10-8B7A-7454C803BE89} = {5892B3AB-0E7B-4983-83BB-355146B9D5DE}
		{FA802AC9-DE38-4BCD-8AE8-6A30BE4186B6} = {43379275-7C91-4A46-8B0C-F3E23A341ABE}
		{FAC851DE-01EE-4BBE-98DF-B5BA902F9AFB} = {43379275-7C91-4A46-8B0C-F3E23A341ABE}
		{175B058E-A32A-491A-A1FD-9783EDC7A943} = {2EE4498A-325B-4D91-A17F-84A7BF302C37}
		{FAC6B57F-D8C9-4593-80F0-184F5CAB272C} = {2EE4498A-325B-4D91-A17F-84A7BF302C37}
		{7C91018A-6066-4AB4-BCEA-7F477BB514C4} = {143BE81B-2851-48EC-952F-AD09E9016F0D}
		{69EC083E-726B-4E30-A031-8ED3D8D35838} = {7F72C8E0-C109-45DF-8C25-1912DAC6C3BF}
		{8095B64F-D2CC-44D7-B7CD-CF18E2AC8920} = {7F72C8E0-C109-45DF-8C25-1912DAC6C3BF}
		{151CA976-7795-450A-A126-CB151EA88836} = {FC83C23F-468A-4718-A569-6B7B968FD10B}
		{2F9B7890-1ABB-40AA-BB78-F6C7BFDAEE30} = {775164D9-36F7-4EA5-B88B-E54B2A35AA3D}
		{5892B3AB-0E7B-4983-83BB-355146B9D5DE} = {EB2A9331-52C7-4E23-AF46-B700C8055769}
		{987E3D7F-EA01-45AA-8867-8E85899FC5FA} = {5892B3AB-0E7B-4983-83BB-355146B9D5DE}
		{143BE81B-2851-48EC-952F-AD09E9016F0D} = {EB2A9331-52C7-4E23-AF46-B700C8055769}
		{86200922-104A-4677-B5D1-DFDFB044AB3E} = {43379275-7C91-4A46-8B0C-F3E23A341ABE}
		{F30EB086-5008-4235-9D2F-5B061A0A3685} = {3E975CA0-1AD2-42A4-88C1-71D76EB0DA75}
		{3E975CA0-1AD2-42A4-88C1-71D76EB0DA75} = {EB2A9331-52C7-4E23-AF46-B700C8055769}
		{C53C79B1-BB9C-409F-81E1-76587E208C3F} = {EB2A9331-52C7-4E23-AF46-B700C8055769}
		{3962128F-2227-4078-8FF7-D8B624648E08} = {C53C79B1-BB9C-409F-81E1-76587E208C3F}
		{A797581C-2BA5-4D68-A3D3-CD68818F9B84} = {5892B3AB-0E7B-4983-83BB-355146B9D5DE}
	EndGlobalSection
EndGlobal
